// !$*UTF8*$!
{
	archiveVersion = 1;
	classes = {
	};
	objectVersion = 63;
	objects = {

/* Begin PBXBuildFile section */
		A1B2C3D4E5F60718293A4B15 = {isa = PBXBuildFile; productRef = A1B2C3D4E5F60718293A4B14; };
		A1B2C3D4E5F60718293A4B1F = {isa = PBXBuildFile; fileRef = A1B2C3D4E5F60718293A4B16; };
		A1B2C3D4E5F60718293A4B20 = {isa = PBXBuildFile; fileRef = A1B2C3D4E5F60718293A4B17; };
		A1B2C3D4E5F60718293A4B21 = {isa = PBXBuildFile; fileRef = A1B2C3D4E5F60718293A4B18; };
		A1B2C3D4E5F60718293A4B22 = {isa = PBXBuildFile; fileRef = A1B2C3D4E5F60718293A4B19; };
		A1B2C3D4E5F60718293A4B23 = {isa = PBXBuildFile; fileRef = A1B2C3D4E5F60718293A4B1A; };
		A1B2C3D4E5F60718293A4B24 = {isa = PBXBuildFile; fileRef = A1B2C3D4E5F60718293A4B1B; };
		A1B2C3D4E5F60718293A4B25 = {isa = PBXBuildFile; fileRef = A1B2C3D4E5F60718293A4B1C; };
		A1B2C3D4E5F60718293A4B26 = {isa = PBXBuildFile; fileRef = A1B2C3D4E5F60718293A4B1D; };
/* End PBXBuildFile section */

/* Begin PBXFileReference section */
		A1B2C3D4E5F60718293A4B09 = {isa = PBXFileReference; explicitFileType = wrapper.application; includeInIndex = 0; path = Deck.app; sourceTree = BUILT_PRODUCTS_DIR; };
		A1B2C3D4E5F60718293A4B16 = {isa = PBXFileReference; lastKnownFileType = sourcecode.swift; path = DeckApp.swift; sourceTree = "<group>"; };
		A1B2C3D4E5F60718293A4B17 = {isa = PBXFileReference; lastKnownFileType = sourcecode.swift; path = ContentView.swift; sourceTree = "<group>"; };
		A1B2C3D4E5F60718293A4B18 = {isa = PBXFileReference; lastKnownFileType = sourcecode.swift; path = LlamaEngine.swift; sourceTree = "<group>"; };
		A1B2C3D4E5F60718293A4B19 = {isa = PBXFileReference; lastKnownFileType = sourcecode.swift; path = AgentLoop.swift; sourceTree = "<group>"; };
		A1B2C3D4E5F60718293A4B1A = {isa = PBXFileReference; lastKnownFileType = sourcecode.swift; path = DeckTools.swift; sourceTree = "<group>"; };
		A1B2C3D4E5F60718293A4B1B = {isa = PBXFileReference; lastKnownFileType = sourcecode.swift; path = MemoryStore.swift; sourceTree = "<group>"; };
		A1B2C3D4E5F60718293A4B1C = {isa = PBXFileReference; lastKnownFileType = sourcecode.swift; path = ModelDownloader.swift; sourceTree = "<group>"; };
		A1B2C3D4E5F60718293A4B1D = {isa = PBXFileReference; lastKnownFileType = sourcecode.swift; path = DeckIntents.swift; sourceTree = "<group>"; };
		A1B2C3D4E5F60718293A4B1E = {isa = PBXFileReference; lastKnownFileType = text.plist.xml; path = Info.plist; sourceTree = "<group>"; };
/* End PBXFileReference section */

/* Begin PBXFrameworksBuildPhase section */
		A1B2C3D4E5F60718293A4B0B = {
			isa = PBXFrameworksBuildPhase;
			buildActionMask = 2147483647;
			files = (
				A1B2C3D4E5F60718293A4B15,
			);
			runOnlyForDeploymentPostprocessing = 0;
		};
/* End PBXFrameworksBuildPhase section */

/* Begin PBXGroup section */
		A1B2C3D4E5F60718293A4B02 = {
			isa = PBXGroup;
			children = (
				A1B2C3D4E5F60718293A4B05,
				A1B2C3D4E5F60718293A4B04,
				A1B2C3D4E5F60718293A4B03,
			);
			sourceTree = "<group>";
		};
		A1B2C3D4E5F60718293A4B03 = {
			isa = PBXGroup;
			children = (
				A1B2C3D4E5F60718293A4B09,
			);
			name = Products;
			sourceTree = "<group>";
		};
		A1B2C3D4E5F60718293A4B04 = {
			isa = PBXGroup;
			children = (
			);
			name = Frameworks;
			sourceTree = "<group>";
		};
		A1B2C3D4E5F60718293A4B05 = {
			isa = PBXGroup;
			children = (
				A1B2C3D4E5F60718293A4B16,
				A1B2C3D4E5F60718293A4B17,
				A1B2C3D4E5F60718293A4B1E,
				A1B2C3D4E5F60718293A4B06,
				A1B2C3D4E5F60718293A4B07,
			);
			path = Deck;
			sourceTree = "<group>";
		};
		A1B2C3D4E5F60718293A4B06 = {
			isa = PBXGroup;
			children = (
				A1B2C3D4E5F60718293A4B18,
				A1B2C3D4E5F60718293A4B19,
				A1B2C3D4E5F60718293A4B1A,
				A1B2C3D4E5F60718293A4B1B,
				A1B2C3D4E5F60718293A4B1C,
			);
			name = Engine;
			sourceTree = "<group>";
		};
		A1B2C3D4E5F60718293A4B07 = {
			isa = PBXGroup;
			children = (
				A1B2C3D4E5F60718293A4B1D,
			);
			name = Intents;
			sourceTree = "<group>";
		};
/* End PBXGroup section */

/* Begin PBXNativeTarget section */
		A1B2C3D4E5F60718293A4B08 = {
			isa = PBXNativeTarget;
			buildConfigurationList = A1B2C3D4E5F60718293A4B0E;
			buildPhases = (
				A1B2C3D4E5F60718293A4B61,
				A1B2C3D4E5F60718293A4B0B,
				A1B2C3D4E5F60718293A4B0C,
			);
			buildRules = (
			);
			dependencies = (
			);
			name = Deck;
			packageProductDependencies = (
				A1B2C3D4E5F60718293A4B14,
			);
			productName = Deck;
			productReference = A1B2C3D4E5F60718293A4B09;
			productType = "com.apple.product-type.application";
		};
/* End PBXNativeTarget section */

/* Begin PBXProject section */
		A1B2C3D4E5F60718293A4B01 = {
			isa = PBXProject;
			buildConfigurationList = A1B2C3D4E5F60718293A4B0D;
			compatibilityVersion = "Xcode 16.0";
			developmentRegion = en;
			hasScannedForEncodings = 0;
			knownRegions = (
				en,
			);
			mainGroup = A1B2C3D4E5F60718293A4B02;
			packageReferences = (
				A1B2C3D4E5F60718293A4B13,
			);
			productRefGroup = A1B2C3D4E5F60718293A4B03;
			projectDirPath = "";
			projectRoot = "";
			targets = (
				A1B2C3D4E5F60718293A4B08,
			);
		};
/* End PBXProject section */

/* Begin PBXResourcesBuildPhase section */
		A1B2C3D4E5F60718293A4B0C = {
			isa = PBXResourcesBuildPhase;
			buildActionMask = 2147483647;
			files = (
			);
			runOnlyForDeploymentPostprocessing = 0;
		};
/* End PBXResourcesBuildPhase section */

/* Begin PBXSourcesBuildPhase section */
		A1B2C3D4E5F60718293A4B61 = {
			isa = PBXSourcesBuildPhase;
			buildActionMask = 2147483647;
			files = (
				A1B2C3D4E5F60718293A4B1F,
				A1B2C3D4E5F60718293A4B20,
				A1B2C3D4E5F60718293A4B21,
				A1B2C3D4E5F60718293A4B22,
				A1B2C3D4E5F60718293A4B23,
				A1B2C3D4E5F60718293A4B24,
				A1B2C3D4E5F60718293A4B25,
				A1B2C3D4E5F60718293A4B26,
			);
			runOnlyForDeploymentPostprocessing = 0;
		};
/* End PBXSourcesBuildPhase section */

/* Begin XCBuildConfiguration section */
		A1B2C3D4E5F60718293A4B0F = {
			isa = XCBuildConfiguration;
			buildSettings = {
				ALWAYS_SEARCH_USER_PATHS = NO;
				CLANG_ANALYZER_NONNULL = YES;
				CLANG_ANALYZER_NUMBER_OBJECT_CONVERSION = YES_AGGRESSIVE;
				CLANG_CXX_LANGUAGE_STANDARD = "gnu++20";
				CLANG_ENABLE_MODULES = YES;
				CLANG_ENABLE_OBJC_ARC = YES;
				CLANG_WARN_DOCUMENTATION_COMMENTS = YES;
				CLANG_WARN_UNGUARDED_AVAILABILITY = YES_AGGRESSIVE;
				COPY_PHASE_STRIP = NO;
				DEBUG_INFORMATION_FORMAT = dwarf;
				ENABLE_STRICT_OBJC_MSGSEND = YES;
				ENABLE_TESTABILITY = YES;
				GCC_C_LANGUAGE_STANDARD = gnu17;
				GCC_DYNAMIC_NO_PIC = NO;
				GCC_NO_COMMON_BLOCKS = YES;
				GCC_OPTIMIZATION_LEVEL = 0;
				GCC_PREPROCESSOR_DEFINITIONS = (
					"DEBUG=1",
					"$(inherited)",
				);
				GCC_WARN_64_TO_32_BIT_CONVERSION = YES;
				GCC_WARN_UNINITIALIZED_AUTOS = YES_AGGRESSIVE;
				IPHONEOS_DEPLOYMENT_TARGET = 17.0;
				MTL_ENABLE_DEBUG_INFO = INCLUDE_SOURCE;
				MTL_FAST_MATH = YES;
				ONLY_ACTIVE_ARCH = YES;
				SDKROOT = iphoneos;
				SWIFT_ACTIVE_COMPILATION_CONDITIONS = DEBUG;
				SWIFT_OPTIMIZATION_LEVEL = "-Onone";
				SWIFT_VERSION = 6.0;
			};
			name = Debug;
		};
		A1B2C3D4E5F60718293A4B10 = {
			isa = XCBuildConfiguration;
			buildSettings = {
				ALWAYS_SEARCH_USER_PATHS = NO;
				CLANG_ANALYZER_NONNULL = YES;
				CLANG_ANALYZER_NUMBER_OBJECT_CONVERSION = YES_AGGRESSIVE;
				CLANG_CXX_LANGUAGE_STANDARD = "gnu++20";
				CLANG_ENABLE_MODULES = YES;
				CLANG_ENABLE_OBJC_ARC = YES;
				CLANG_WARN_DOCUMENTATION_COMMENTS = YES;
				CLANG_WARN_UNGUARDED_AVAILABILITY = YES_AGGRESSIVE;
				COPY_PHASE_STRIP = NO;
				DEBUG_INFORMATION_FORMAT = "dwarf-with-dsym";
				ENABLE_NS_ASSERTIONS = NO;
				ENABLE_STRICT_OBJC_MSGSEND = YES;
				GCC_C_LANGUAGE_STANDARD = gnu17;
				GCC_NO_COMMON_BLOCKS = YES;
				GCC_WARN_64_TO_32_BIT_CONVERSION = YES;
				GCC_WARN_UNINITIALIZED_AUTOS = YES_AGGRESSIVE;
				IPHONEOS_DEPLOYMENT_TARGET = 17.0;
				MTL_ENABLE_DEBUG_INFO = NO;
				MTL_FAST_MATH = YES;
				SDKROOT = iphoneos;
				SWIFT_COMPILATION_MODE = wholemodule;
				SWIFT_OPTIMIZATION_LEVEL = "-O";
				SWIFT_VERSION = 6.0;
				VALIDATE_PRODUCT = YES;
			};
			name = Release;
		};
		A1B2C3D4E5F60718293A4B11 = {
			isa = XCBuildConfiguration;
			buildSettings = {
				ASSETCATALOG_COMPILER_GENERATE_SWIFT_ASSET_SYMBOL_EXTENSIONS = YES;
				CODE_SIGN_STYLE = Automatic;
				CURRENT_PROJECT_VERSION = 1;
				GENERATE_INFOPLIST_FILE = NO;
				INFOPLIST_FILE = Deck/Info.plist;
				INFOPLIST_KEY_UIApplicationSupportsIndirectInputEvents = YES;
				INFOPLIST_KEY_UILaunchScreen_Generation = YES;
				LD_RUNPATH_SEARCH_PATHS = (
					"$(inherited)",
					"@executable_path/Frameworks",
				);
				MARKETING_VERSION = 1.0;
				PRODUCT_BUNDLE_IDENTIFIER = com.deck.Deck;
				PRODUCT_NAME = "$(TARGET_NAME)";
				SWIFT_EMIT_LOC_STRINGS = YES;
				SWIFT_VERSION = 6.0;
				TARGETED_DEVICE_FAMILY = 1;
			};
			name = Debug;
		};
		A1B2C3D4E5F60718293A4B12 = {
			isa = XCBuildConfiguration;
			buildSettings = {
				ASSETCATALOG_COMPILER_GENERATE_SWIFT_ASSET_SYMBOL_EXTENSIONS = YES;
				CODE_SIGN_STYLE = Automatic;
				CURRENT_PROJECT_VERSION = 1;
				GENERATE_INFOPLIST_FILE = NO;
				INFOPLIST_FILE = Deck/Info.plist;
				INFOPLIST_KEY_UIApplicationSupportsIndirectInputEvents = YES;
				INFOPLIST_KEY_UILaunchScreen_Generation = YES;
				LD_RUNPATH_SEARCH_PATHS = (
					"$(inherited)",
					"@executable_path/Frameworks",
				);
				MARKETING_VERSION = 1.0;
				PRODUCT_BUNDLE_IDENTIFIER = com.deck.Deck;
				PRODUCT_NAME = "$(TARGET_NAME)";
				SWIFT_EMIT_LOC_STRINGS = YES;
				SWIFT_VERSION = 6.0;
				TARGETED_DEVICE_FAMILY = 1;
			};
			name = Release;
		};
/* End XCBuildConfiguration section */

/* Begin XCConfigurationList section */
		A1B2C3D4E5F60718293A4B0D = {
			isa = XCConfigurationList;
			buildConfigurations = (
				A1B2C3D4E5F60718293A4B0F,
				A1B2C3D4E5F60718293A4B10,
			);
			defaultConfigurationIsVisible = 0;
			defaultConfigurationName = Release;
		};
		A1B2C3D4E5F60718293A4B0E = {
			isa = XCConfigurationList;
			buildConfigurations = (
				A1B2C3D4E5F60718293A4B11,
				A1B2C3D4E5F60718293A4B12,
			);
			defaultConfigurationIsVisible = 0;
			defaultConfigurationName = Release;
		};
/* End XCConfigurationList section */

/* Begin XCRemoteSwiftPackageReference section */
		A1B2C3D4E5F60718293A4B13 = {
			isa = XCRemoteSwiftPackageReference;
			repositoryURL = "https://github.com/mattt/llama.swift";
			requirement = {
				kind = upToNextMajorVersion;
				minimumVersion = 2.10549.0;
			};
		};
/* End XCRemoteSwiftPackageReference section */

/* Begin XCSwiftPackageProductDependency section */
		A1B2C3D4E5F60718293A4B14 = {
			isa = XCSwiftPackageProductDependency;
			package = A1B2C3D4E5F60718293A4B13;
			productName = LlamaSwift;
		};
/* End XCSwiftPackageProductDependency section */

	};
	rootObject = A1B2C3D4E5F60718293A4B01;
}
