// !$*UTF8*$!
{
	archiveVersion = 1;
	classes = {
	};
	objectVersion = 63;
	objects = {

/* Begin PBXBuildFile section */
		A1B2C3D4E5F60718293A4B15 = {isa = PBXBuildFile; productRef = A1B2C3D4E5F60718293A4B14; };
		A1B2C3D4E5F60718293A4B1F = {isa = PBXBuildFile; fileRef = A1B2C3D4E5F60718293A4B16; };
		A1B2C3D4E5F60718293A4B20 = {isa = PBXBuildFile; fileRef = A1B2C3D4E5F60718293A4B17; };
		A1B2C3D4E5F60718293A4B21 = {isa = PBXBuildFile; fileRef = A1B2C3D4E5F60718293A4B18; };
		A1B2C3D4E5F60718293A4B22 = {isa = PBXBuildFile; fileRef = A1B2C3D4E5F60718293A4B19; };
		A1B2C3D4E5F60718293A4B23 = {isa = PBXBuildFile; fileRef = A1B2C3D4E5F60718293A4B1A; };
		A1B2C3D4E5F60718293A4B24 = {isa = PBXBuildFile; fileRef = A1B2C3D4E5F60718293A4B1B; };
		A1B2C3D4E5F60718293A4B25 = {isa = PBXBuildFile; fileRef = A1B2C3D4E5F60718293A4B1C; };
		D3C1F00D0000000000000007 = {isa = PBXBuildFile; fileRef = D3C1F00D0000000000000002; };
		D3C1F00D0000000000000008 = {isa = PBXBuildFile; fileRef = D3C1F00D0000000000000003; };
		D3C1F00D0000000000000009 = {isa = PBXBuildFile; fileRef = D3C1F00D0000000000000004; };
		D3C1F00D0000000000000011 = {isa = PBXBuildFile; fileRef = D3C1F00D0000000000000001; settings = {ATTRIBUTES = (RemoveHeadersOnCopy, ); }; };
		D3C1F00D0000000000000015 = {isa = PBXBuildFile; fileRef = D3C1F00D0000000000000004; };
		D3C1F00D0000000000000016 = {isa = PBXBuildFile; fileRef = D3C1F00D0000000000000019; };
		D3C1F00D0000000000000017 = {isa = PBXBuildFile; fileRef = D3C1F00D000000000000001A; };
		D3C1F00D000000000000001F = {isa = PBXBuildFile; fileRef = D3C1F00D000000000000001E; };
		D3C1F00D0000000000000018 = {isa = PBXBuildFile; fileRef = D3C1F00D000000000000001B; };
		SK1LL500000000000000002 = {isa = PBXBuildFile; fileRef = SK1LL500000000000000001; };
		SK1LL500000000000000004 = {isa = PBXBuildFile; fileRef = SK1LL500000000000000003; };
		BK1LL000000000000000002 = {isa = PBXBuildFile; fileRef = BK1LL000000000000000001; };
		BK1LL000000000000000004 = {isa = PBXBuildFile; fileRef = BK1LL000000000000000003; };
		VS1LL000000000000000002 = {isa = PBXBuildFile; fileRef = VS1LL000000000000000001; };
/* End PBXBuildFile section */

/* Begin PBXFileReference section */
		A1B2C3D4E5F60718293A4B09 = {isa = PBXFileReference; explicitFileType = wrapper.application; includeInIndex = 0; path = Deck.app; sourceTree = BUILT_PRODUCTS_DIR; };
		A1B2C3D4E5F60718293A4B16 = {isa = PBXFileReference; lastKnownFileType = sourcecode.swift; path = DeckApp.swift; sourceTree = "<group>"; };
		A1B2C3D4E5F60718293A4B17 = {isa = PBXFileReference; lastKnownFileType = sourcecode.swift; path = ContentView.swift; sourceTree = "<group>"; };
		A1B2C3D4E5F60718293A4B18 = {isa = PBXFileReference; lastKnownFileType = sourcecode.swift; path = LlamaEngine.swift; sourceTree = "<group>"; };
		A1B2C3D4E5F60718293A4B19 = {isa = PBXFileReference; lastKnownFileType = sourcecode.swift; path = AgentLoop.swift; sourceTree = "<group>"; };
		A1B2C3D4E5F60718293A4B1A = {isa = PBXFileReference; lastKnownFileType = sourcecode.swift; path = DeckTools.swift; sourceTree = "<group>"; };
		A1B2C3D4E5F60718293A4B1B = {isa = PBXFileReference; lastKnownFileType = sourcecode.swift; path = MemoryStore.swift; sourceTree = "<group>"; };
		A1B2C3D4E5F60718293A4B1C = {isa = PBXFileReference; lastKnownFileType = sourcecode.swift; path = ModelDownloader.swift; sourceTree = "<group>"; };
		A1B2C3D4E5F60718293A4B1E = {isa = PBXFileReference; lastKnownFileType = text.plist.xml; path = Info.plist; sourceTree = "<group>"; };
		D3C1F00D0000000000000001 = {isa = PBXFileReference; explicitFileType = wrapper.app-extension; includeInIndex = 0; path = DeckWidget.appex; sourceTree = BUILT_PRODUCTS_DIR; };
		D3C1F00D0000000000000002 = {isa = PBXFileReference; lastKnownFileType = sourcecode.swift; path = DeckWidgetBundle.swift; sourceTree = "<group>"; };
		D3C1F00D0000000000000003 = {isa = PBXFileReference; lastKnownFileType = sourcecode.swift; path = DeckLiveActivity.swift; sourceTree = "<group>"; };
		D3C1F00D0000000000000004 = {isa = PBXFileReference; lastKnownFileType = sourcecode.swift; path = DeckAttributes.swift; sourceTree = "<group>"; };
		D3C1F00D0000000000000005 = {isa = PBXFileReference; lastKnownFileType = text.plist.xml; path = Info.plist; sourceTree = "<group>"; };
		D3C1F00D0000000000000019 = {isa = PBXFileReference; lastKnownFileType = sourcecode.swift; path = LiveDeck.swift; sourceTree = "<group>"; };
		D3C1F00D000000000000001A = {isa = PBXFileReference; lastKnownFileType = sourcecode.swift; path = ScreenMonitor.swift; sourceTree = "<group>"; };
		D3C1F00D000000000000001E = {isa = PBXFileReference; lastKnownFileType = sourcecode.swift; path = KeepAlive.swift; sourceTree = "<group>"; };
		D3C1F00D000000000000001B = {isa = PBXFileReference; lastKnownFileType = sourcecode.swift; path = ScreenMemory.swift; sourceTree = "<group>"; };
		SK1LL500000000000000001 = {isa = PBXFileReference; lastKnownFileType = text.json; path = skills1.json; sourceTree = "<group>"; };
		SK1LL500000000000000003 = {isa = PBXFileReference; lastKnownFileType = text.json; path = skills2.json; sourceTree = "<group>"; };
		BK1LL000000000000000001 = {isa = PBXFileReference; lastKnownFileType = text.json; path = book1.json; sourceTree = "<group>"; };
		BK1LL000000000000000003 = {isa = PBXFileReference; lastKnownFileType = text.json; path = book2.json; sourceTree = "<group>"; };
		EN7LL000000000000000001 = {isa = PBXFileReference; lastKnownFileType = text.plist.entitlements; path = Deck.entitlements; sourceTree = "<group>"; };
		VS1LL000000000000000001 = {isa = PBXFileReference; lastKnownFileType = sourcecode.swift; path = VisionEngine.swift; sourceTree = "<group>"; };
/* End PBXFileReference section */

/* Begin PBXFrameworksBuildPhase section */
		A1B2C3D4E5F60718293A4B0B = {
			isa = PBXFrameworksBuildPhase;
			buildActionMask = 2147483647;
			files = (
				A1B2C3D4E5F60718293A4B15,
			);
			runOnlyForDeploymentPostprocessing = 0;
		};
		D3C1F00D000000000000000B = {
			isa = PBXFrameworksBuildPhase;
			buildActionMask = 2147483647;
			files = (
			);
			runOnlyForDeploymentPostprocessing = 0;
		};
/* End PBXFrameworksBuildPhase section */

/* Begin PBXGroup section */
		A1B2C3D4E5F60718293A4B02 = {
			isa = PBXGroup;
			children = (
				A1B2C3D4E5F60718293A4B05,
				A1B2C3D4E5F60718293A4B04,
				A1B2C3D4E5F60718293A4B03,
				D3C1F00D0000000000000006,
			);
			sourceTree = "<group>";
		};
		A1B2C3D4E5F60718293A4B03 = {
			isa = PBXGroup;
			children = (
				A1B2C3D4E5F60718293A4B09,
				D3C1F00D0000000000000001,
			);
			name = Products;
			sourceTree = "<group>";
		};
		A1B2C3D4E5F60718293A4B04 = {
			isa = PBXGroup;
			children = (
			);
			name = Frameworks;
			sourceTree = "<group>";
		};
		A1B2C3D4E5F60718293A4B05 = {
			isa = PBXGroup;
			children = (
				A1B2C3D4E5F60718293A4B16,
				A1B2C3D4E5F60718293A4B17,
				A1B2C3D4E5F60718293A4B1E,
				A1B2C3D4E5F60718293A4B06,
				SK1LL500000000000000001,
				SK1LL500000000000000003,
							BK1LL000000000000000001,
				BK1LL000000000000000003,
				EN7LL000000000000000001,
);
			path = Deck;
			sourceTree = "<group>";
		};
		A1B2C3D4E5F60718293A4B06 = {
			isa = PBXGroup;
			children = (
				A1B2C3D4E5F60718293A4B18,
				A1B2C3D4E5F60718293A4B19,
				A1B2C3D4E5F60718293A4B1A,
				A1B2C3D4E5F60718293A4B1B,
				A1B2C3D4E5F60718293A4B1C,
				D3C1F00D0000000000000019,
				D3C1F00D000000000000001A,
				D3C1F00D000000000000001B,
				D3C1F00D000000000000001E,
				VS1LL000000000000000001,
			);
			name = Engine;
			path = Engine;
			sourceTree = "<group>";
		};
		D3C1F00D0000000000000006 = {
			isa = PBXGroup;
			children = (
				D3C1F00D0000000000000002,
				D3C1F00D0000000000000003,
				D3C1F00D0000000000000004,
				D3C1F00D0000000000000005,
			);
			path = DeckWidget;
			sourceTree = "<group>";
		};
/* End PBXGroup section */

/* Begin PBXNativeTarget section */
		A1B2C3D4E5F60718293A4B08 = {
			isa = PBXNativeTarget;
			buildConfigurationList = A1B2C3D4E5F60718293A4B0E;
			buildPhases = (
				A1B2C3D4E5F60718293A4B61,
				A1B2C3D4E5F60718293A4B0B,
				A1B2C3D4E5F60718293A4B0C,
				D3C1F00D0000000000000012,
			);
			buildRules = (
			);
			name = Deck;
			packageProductDependencies = (
				A1B2C3D4E5F60718293A4B14,
				C17ADE100000000000000002,
				C17ADE100000000000000004,
			);
			productName = Deck;
			productReference = A1B2C3D4E5F60718293A4B09;
			productType = "com.apple.product-type.application";
			dependencies = (
				D3C1F00D0000000000000013,
			);
		};
		D3C1F00D000000000000000D = {
			isa = PBXNativeTarget;
			buildConfigurationList = D3C1F00D000000000000000E;
			buildPhases = (
				D3C1F00D000000000000000A,
				D3C1F00D000000000000000B,
				D3C1F00D000000000000000C,
			);
			buildRules = (
			);
			dependencies = (
			);
			name = DeckWidget;
			productName = DeckWidget;
			productReference = D3C1F00D0000000000000001;
			productType = "com.apple.product-type.app-extension";
		};
/* End PBXNativeTarget section */

/* Begin PBXProject section */
		A1B2C3D4E5F60718293A4B01 = {
			isa = PBXProject;
			buildConfigurationList = A1B2C3D4E5F60718293A4B0D;
			compatibilityVersion = "Xcode 16.0";
			developmentRegion = en;
			hasScannedForEncodings = 0;
			knownRegions = (
				en,
			);
			mainGroup = A1B2C3D4E5F60718293A4B02;
			packageReferences = (
				A1B2C3D4E5F60718293A4B13,
				C17ADE100000000000000001,
				C17ADE100000000000000003,
			);
			productRefGroup = A1B2C3D4E5F60718293A4B03;
			projectDirPath = "";
			projectRoot = "";
			targets = (
				A1B2C3D4E5F60718293A4B08,
				D3C1F00D000000000000000D,
			);
		};
/* End PBXProject section */

/* Begin PBXResourcesBuildPhase section */
		A1B2C3D4E5F60718293A4B0C = {
			isa = PBXResourcesBuildPhase;
			buildActionMask = 2147483647;
			files = (
				SK1LL500000000000000002,
				SK1LL500000000000000004,
							BK1LL000000000000000002,
				BK1LL000000000000000004,
);
			runOnlyForDeploymentPostprocessing = 0;
		};
		D3C1F00D000000000000000C = {
			isa = PBXResourcesBuildPhase;
			buildActionMask = 2147483647;
			files = (
			);
			runOnlyForDeploymentPostprocessing = 0;
		};
/* End PBXResourcesBuildPhase section */

/* Begin PBXSourcesBuildPhase section */
		A1B2C3D4E5F60718293A4B61 = {
			isa = PBXSourcesBuildPhase;
			buildActionMask = 2147483647;
			files = (
				A1B2C3D4E5F60718293A4B1F,
				A1B2C3D4E5F60718293A4B20,
				A1B2C3D4E5F60718293A4B21,
				A1B2C3D4E5F60718293A4B22,
				A1B2C3D4E5F60718293A4B23,
				A1B2C3D4E5F60718293A4B24,
				A1B2C3D4E5F60718293A4B25,
				D3C1F00D0000000000000015,
				D3C1F00D0000000000000016,
				D3C1F00D0000000000000017,
				D3C1F00D0000000000000018,
				D3C1F00D000000000000001F,
							VS1LL000000000000000002,
);
			runOnlyForDeploymentPostprocessing = 0;
		};
		D3C1F00D000000000000000A = {
			isa = PBXSourcesBuildPhase;
			buildActionMask = 2147483647;
			files = (
				D3C1F00D0000000000000007,
				D3C1F00D0000000000000008,
			D3C1F00D0000000000000009,
			);
			runOnlyForDeploymentPostprocessing = 0;
		};
/* End PBXSourcesBuildPhase section */

/* Begin PBXCopyFilesBuildPhase section */
		D3C1F00D0000000000000012 = {
			isa = PBXCopyFilesBuildPhase;
			buildActionMask = 2147483647;
			dstPath = "";
			dstSubfolderSpec = 13;
			files = (
				D3C1F00D0000000000000011,
			);
			name = "Embed App Extensions";
			runOnlyForDeploymentPostprocessing = 0;
		};
/* End PBXCopyFilesBuildPhase section */

/* Begin PBXTargetDependency section */
		D3C1F00D0000000000000013 = {
			isa = PBXTargetDependency;
			target = D3C1F00D000000000000000D;
			targetProxy = D3C1F00D0000000000000014;
		};
/* End PBXTargetDependency section */

/* Begin PBXContainerItemProxy section */
		D3C1F00D0000000000000014 = {
			isa = PBXContainerItemProxy;
			containerPortal = A1B2C3D4E5F60718293A4B01;
			proxyType = 1;
			remoteGlobalIDString = D3C1F00D000000000000000D;
			remoteInfo = DeckWidget;
		};
/* End PBXContainerItemProxy section */

/* Begin XCBuildConfiguration section */
		A1B2C3D4E5F60718293A4B0F = {
			isa = XCBuildConfiguration;
			buildSettings = {
				ALWAYS_SEARCH_USER_PATHS = NO;
				CLANG_ANALYZER_NONNULL = YES;
				CLANG_ANALYZER_NUMBER_OBJECT_CONVERSION = YES_AGGRESSIVE;
				CLANG_CXX_LANGUAGE_STANDARD = "gnu++20";
				CLANG_ENABLE_MODULES = YES;
				CLANG_ENABLE_OBJC_ARC = YES;
				CLANG_WARN_DOCUMENTATION_COMMENTS = YES;
				CLANG_WARN_UNGUARDED_AVAILABILITY = YES_AGGRESSIVE;
				COPY_PHASE_STRIP = NO;
				DEBUG_INFORMATION_FORMAT = dwarf;
				ENABLE_STRICT_OBJC_MSGSEND = YES;
				ENABLE_TESTABILITY = YES;
				GCC_C_LANGUAGE_STANDARD = gnu17;
				GCC_DYNAMIC_NO_PIC = NO;
				GCC_NO_COMMON_BLOCKS = YES;
				GCC_OPTIMIZATION_LEVEL = 0;
				GCC_PREPROCESSOR_DEFINITIONS = (
					"DEBUG=1",
					"$(inherited)",
				);
				GCC_WARN_64_TO_32_BIT_CONVERSION = YES;
				GCC_WARN_UNINITIALIZED_AUTOS = YES_AGGRESSIVE;
				IPHONEOS_DEPLOYMENT_TARGET = 17.0;
				MTL_ENABLE_DEBUG_INFO = INCLUDE_SOURCE;
				MTL_FAST_MATH = YES;
				ONLY_ACTIVE_ARCH = YES;
				SDKROOT = iphoneos;
				SWIFT_ACTIVE_COMPILATION_CONDITIONS = DEBUG;
				SWIFT_OPTIMIZATION_LEVEL = "-Onone";
				SWIFT_VERSION = 6.0;
			};
			name = Debug;
		};
		A1B2C3D4E5F60718293A4B10 = {
			isa = XCBuildConfiguration;
			buildSettings = {
				ALWAYS_SEARCH_USER_PATHS = NO;
				CLANG_ANALYZER_NONNULL = YES;
				CLANG_ANALYZER_NUMBER_OBJECT_CONVERSION = YES_AGGRESSIVE;
				CLANG_CXX_LANGUAGE_STANDARD = "gnu++20";
				CLANG_ENABLE_MODULES = YES;
				CLANG_ENABLE_OBJC_ARC = YES;
				CLANG_WARN_DOCUMENTATION_COMMENTS = YES;
				CLANG_WARN_UNGUARDED_AVAILABILITY = YES_AGGRESSIVE;
				COPY_PHASE_STRIP = NO;
				DEBUG_INFORMATION_FORMAT = "dwarf-with-dsym";
				ENABLE_NS_ASSERTIONS = NO;
				ENABLE_STRICT_OBJC_MSGSEND = YES;
				GCC_C_LANGUAGE_STANDARD = gnu17;
				GCC_NO_COMMON_BLOCKS = YES;
				GCC_WARN_64_TO_32_BIT_CONVERSION = YES;
				GCC_WARN_UNINITIALIZED_AUTOS = YES_AGGRESSIVE;
				IPHONEOS_DEPLOYMENT_TARGET = 17.0;
				MTL_ENABLE_DEBUG_INFO = NO;
				MTL_FAST_MATH = YES;
				SDKROOT = iphoneos;
				SWIFT_COMPILATION_MODE = wholemodule;
				SWIFT_OPTIMIZATION_LEVEL = "-O";
				SWIFT_VERSION = 6.0;
				VALIDATE_PRODUCT = YES;
			};
			name = Release;
		};
		A1B2C3D4E5F60718293A4B11 = {
			isa = XCBuildConfiguration;
			buildSettings = {
				CODE_SIGN_ENTITLEMENTS = Deck/Deck.entitlements;
				ASSETCATALOG_COMPILER_GENERATE_SWIFT_ASSET_SYMBOL_EXTENSIONS = YES;
				CODE_SIGN_STYLE = Automatic;
				CURRENT_PROJECT_VERSION = 1;
				GENERATE_INFOPLIST_FILE = NO;
				INFOPLIST_FILE = Deck/Info.plist;
				INFOPLIST_KEY_UIApplicationSupportsIndirectInputEvents = YES;
				INFOPLIST_KEY_NSSupportsLiveActivities = YES;
				INFOPLIST_KEY_UILaunchScreen_Generation = YES;
				LD_RUNPATH_SEARCH_PATHS = (
					"$(inherited)",
					"@executable_path/Frameworks",
				);
				MARKETING_VERSION = 1.0;
				PRODUCT_BUNDLE_IDENTIFIER = com.deck.Deck;
				PRODUCT_NAME = "$(TARGET_NAME)";
				SWIFT_EMIT_LOC_STRINGS = YES;
				SWIFT_VERSION = 6.0;
				TARGETED_DEVICE_FAMILY = 1;
			};
			name = Debug;
		};
		A1B2C3D4E5F60718293A4B12 = {
			isa = XCBuildConfiguration;
			buildSettings = {
				CODE_SIGN_ENTITLEMENTS = Deck/Deck.entitlements;
				ASSETCATALOG_COMPILER_GENERATE_SWIFT_ASSET_SYMBOL_EXTENSIONS = YES;
				CODE_SIGN_STYLE = Automatic;
				CURRENT_PROJECT_VERSION = 1;
				GENERATE_INFOPLIST_FILE = NO;
				INFOPLIST_FILE = Deck/Info.plist;
				INFOPLIST_KEY_UIApplicationSupportsIndirectInputEvents = YES;
				INFOPLIST_KEY_NSSupportsLiveActivities = YES;
				INFOPLIST_KEY_UILaunchScreen_Generation = YES;
				LD_RUNPATH_SEARCH_PATHS = (
					"$(inherited)",
					"@executable_path/Frameworks",
				);
				MARKETING_VERSION = 1.0;
				PRODUCT_BUNDLE_IDENTIFIER = com.deck.Deck;
				PRODUCT_NAME = "$(TARGET_NAME)";
				SWIFT_EMIT_LOC_STRINGS = YES;
				SWIFT_VERSION = 6.0;
				TARGETED_DEVICE_FAMILY = 1;
			};
			name = Release;
		};
		D3C1F00D000000000000000F = {
			isa = XCBuildConfiguration;
			buildSettings = {
				APPLICATION_EXTENSION_API_ONLY = YES;
				ASSETCATALOG_COMPILER_GENERATE_SWIFT_ASSET_SYMBOL_EXTENSIONS = YES;
				CODE_SIGN_STYLE = Automatic;
				CURRENT_PROJECT_VERSION = 1;
				GENERATE_INFOPLIST_FILE = NO;
				INFOPLIST_FILE = DeckWidget/Info.plist;
				IPHONEOS_DEPLOYMENT_TARGET = 17.0;
				MARKETING_VERSION = 1.0;
				PRODUCT_BUNDLE_IDENTIFIER = com.deck.Deck.DeckWidget;
				PRODUCT_NAME = "$(TARGET_NAME)";
				SDKROOT = iphoneos;
				SKIP_INSTALL = YES;
				SWIFT_EMIT_LOC_STRINGS = YES;
				SWIFT_VERSION = 6.0;
				TARGETED_DEVICE_FAMILY = 1;
			};
			name = Debug;
		};
		D3C1F00D0000000000000010 = {
			isa = XCBuildConfiguration;
			buildSettings = {
				APPLICATION_EXTENSION_API_ONLY = YES;
				ASSETCATALOG_COMPILER_GENERATE_SWIFT_ASSET_SYMBOL_EXTENSIONS = YES;
				CODE_SIGN_STYLE = Automatic;
				CURRENT_PROJECT_VERSION = 1;
				GENERATE_INFOPLIST_FILE = NO;
				INFOPLIST_FILE = DeckWidget/Info.plist;
				IPHONEOS_DEPLOYMENT_TARGET = 17.0;
				MARKETING_VERSION = 1.0;
				PRODUCT_BUNDLE_IDENTIFIER = com.deck.Deck.DeckWidget;
				PRODUCT_NAME = "$(TARGET_NAME)";
				SDKROOT = iphoneos;
				SKIP_INSTALL = YES;
				SWIFT_COMPILATION_MODE = wholemodule;
				SWIFT_EMIT_LOC_STRINGS = YES;
				SWIFT_OPTIMIZATION_LEVEL = "-O";
				SWIFT_VERSION = 6.0;
				TARGETED_DEVICE_FAMILY = 1;
				VALIDATE_PRODUCT = YES;
			};
			name = Release;
		};
/* End XCBuildConfiguration section */

/* Begin XCConfigurationList section */
		A1B2C3D4E5F60718293A4B0D = {
			isa = XCConfigurationList;
			buildConfigurations = (
				A1B2C3D4E5F60718293A4B0F,
				A1B2C3D4E5F60718293A4B10,
			);
			defaultConfigurationIsVisible = 0;
			defaultConfigurationName = Release;
		};
		A1B2C3D4E5F60718293A4B0E = {
			isa = XCConfigurationList;
			buildConfigurations = (
				A1B2C3D4E5F60718293A4B11,
				A1B2C3D4E5F60718293A4B12,
			);
			defaultConfigurationIsVisible = 0;
			defaultConfigurationName = Release;
		};
		D3C1F00D000000000000000E = {
			isa = XCConfigurationList;
			buildConfigurations = (
				D3C1F00D000000000000000F,
				D3C1F00D0000000000000010,
			);
			defaultConfigurationIsVisible = 0;
			defaultConfigurationName = Release;
		};
/* End XCConfigurationList section */

/* Begin XCRemoteSwiftPackageReference section */
		A1B2C3D4E5F60718293A4B13 = {
			isa = XCRemoteSwiftPackageReference;
			repositoryURL = "https://github.com/Shalom-P/llama.swift";
			// mtmd-enabled fork (LLAMA_BUILD_MTMD=ON) for on-device vision.
			// Fallback if it rots: https://github.com/mattt/llama.swift
			requirement = {
				kind = exactVersion;
				version = 2.8881.0-mtmd;
			};
		};
		C17ADE100000000000000001 = {
			isa = XCRemoteSwiftPackageReference;
			repositoryURL = "https://github.com/orlandos-nl/Citadel";
			requirement = {
				kind = upToNextMajorVersion;
				minimumVersion = 0.12.1;
			};
		};
		C17ADE100000000000000003 = {
			isa = XCRemoteSwiftPackageReference;
			repositoryURL = "https://github.com/apple/swift-crypto";
			requirement = {
				kind = upToNextMajorVersion;
				minimumVersion = 3.12.3;
			};
		};
/* End XCRemoteSwiftPackageReference section */

/* Begin XCSwiftPackageProductDependency section */
		A1B2C3D4E5F60718293A4B14 = {
			isa = XCSwiftPackageProductDependency;
			package = A1B2C3D4E5F60718293A4B13;
			productName = LlamaSwift;
		};
		C17ADE100000000000000002 = {
			isa = XCSwiftPackageProductDependency;
			package = C17ADE100000000000000001;
			productName = Citadel;
		};
		C17ADE100000000000000004 = {
			isa = XCSwiftPackageProductDependency;
			package = C17ADE100000000000000003;
			productName = Crypto;
		};
/* End XCSwiftPackageProductDependency section */

	};
	rootObject = A1B2C3D4E5F60718293A4B01;
}
